
Microsoft Visual Studio Solution File, Format Version 12.00
# Visual Studio 2015
Project("{FAE04EC0-301F-11D3-BF4B-00C04F79EFBC}") = "ManaCraft.CSharp.Plugins", "ManaCraft.CSharp.Plugins.csproj", "{948DB063-CBD3-5C86-4987-E0FBAF756BB4}"
EndProject
Project("{FAE04EC0-301F-11D3-BF4B-00C04F79EFBC}") = "ManaCraft.CSharp", "ManaCraft.CSharp.csproj", "{A6EF2A0A-BAAF-AF07-B19E-E8D8908DB815}"
EndProject
Project("{FAE04EC0-301F-11D3-BF4B-00C04F79EFBC}") = "ManaCraft.CSharp.Editor", "ManaCraft.CSharp.Editor.csproj", "{FA9FC30C-6C08-64A8-FB74-5BAD55279589}"
EndProject
Global
	GlobalSection(SolutionConfigurationPlatforms) = preSolution
		Debug|Any CPU = Debug|Any CPU
		Release|Any CPU = Release|Any CPU
	EndGlobalSection
	GlobalSection(ProjectConfigurationPlatforms) = postSolution
		{948DB063-CBD3-5C86-4987-E0FBAF756BB4}.Debug|Any CPU.ActiveCfg = Debug|Any CPU
		{948DB063-CBD3-5C86-4987-E0FBAF756BB4}.Debug|Any CPU.Build.0 = Debug|Any CPU
		{948DB063-CBD3-5C86-4987-E0FBAF756BB4}.Release|Any CPU.ActiveCfg = Release|Any CPU
		{948DB063-CBD3-5C86-4987-E0FBAF756BB4}.Release|Any CPU.Build.0 = Release|Any CPU
		{A6EF2A0A-BAAF-AF07-B19E-E8D8908DB815}.Debug|Any CPU.ActiveCfg = Debug|Any CPU
		{A6EF2A0A-BAAF-AF07-B19E-E8D8908DB815}.Debug|Any CPU.Build.0 = Debug|Any CPU
		{A6EF2A0A-BAAF-AF07-B19E-E8D8908DB815}.Release|Any CPU.ActiveCfg = Release|Any CPU
		{A6EF2A0A-BAAF-AF07-B19E-E8D8908DB815}.Release|Any CPU.Build.0 = Release|Any CPU
		{FA9FC30C-6C08-64A8-FB74-5BAD55279589}.Debug|Any CPU.ActiveCfg = Debug|Any CPU
		{FA9FC30C-6C08-64A8-FB74-5BAD55279589}.Debug|Any CPU.Build.0 = Debug|Any CPU
		{FA9FC30C-6C08-64A8-FB74-5BAD55279589}.Release|Any CPU.ActiveCfg = Release|Any CPU
		{FA9FC30C-6C08-64A8-FB74-5BAD55279589}.Release|Any CPU.Build.0 = Release|Any CPU
	EndGlobalSection
	GlobalSection(SolutionProperties) = preSolution
		HideSolutionNode = FALSE
	EndGlobalSection
EndGlobal
